github.com/Ignaciocl/tp1SisdisCommons v0.2.3 h1:0zMx/Fm6pznQu7O5RYQb+KETsquzqb/znuqWDNd9OXE=
github.com/Ignaciocl/tp1SisdisCommons v0.2.3/go.mod h1:xt+rPp8Xzf2DxXfMA4n8IUf28ACj8ceSdXheBtQTMyA=
github.com/Ignaciocl/tp1SisdisCommons v0.2.5 h1:YKxSP8FrIxWHMe/gStTaD9U/nmRO3zHFmWb0MKevtqc=
github.com/Ignaciocl/tp1SisdisCommons v0.2.5/go.mod h1:xt+rPp8Xzf2DxXfMA4n8IUf28ACj8ceSdXheBtQTMyA=
github.com/Ignaciocl/tp1SisdisCommons v0.2.6 h1:MRzMuXfOd4Y8zvR6pF0Ci+EbMlWWv97smaf7NMZYOxU=
github.com/Ignaciocl/tp1SisdisCommons v0.2.6/go.mod h1:xt+rPp8Xzf2DxXfMA4n8IUf28ACj8ceSdXheBtQTMyA=
github.com/Ignaciocl/tp1SisdisCommons v0.2.7 h1:CNU1YLn4W+/87KtIy7o3K1mEQfh5hyFDEuWh8NQCO/8=
github.com/Ignaciocl/tp1SisdisCommons v0.2.7/go.mod h1:xt+rPp8Xzf2DxXfMA4n8IUf28ACj8ceSdXheBtQTMyA=
github.com/Ignaciocl/tp1SisdisCommons v0.2.8 h1:s98E2VAKCDvpu/NJuhPBs4tXsKjPtpEuXaDvFIoNrAc=
github.com/Ignaciocl/tp1SisdisCommons v0.2.8/go.mod h1:xt+rPp8Xzf2DxXfMA4n8IUf28ACj8ceSdXheBtQTMyA=
github.com/Ignaciocl/tp1SisdisCommons v0.2.9 h1:NEg9prM8eS89PX/hq5wUxmynBfbMsu6ryTz2Cfby9Mw=
github.com/Ignaciocl/tp1SisdisCommons v0.2.9/go.mod h1:xt+rPp8Xzf2DxXfMA4n8IUf28ACj8ceSdXheBtQTMyA=
github.com/Ignaciocl/tp1SisdisCommons v0.2.10 h1:XympaytCn9gF7rBEDQXxDXDaF4FwWgggvxMGTEwb6yA=
github.com/Ignaciocl/tp1SisdisCommons v0.2.10/go.mod h1:xt+rPp8Xzf2DxXfMA4n8IUf28ACj8ceSdXheBtQTMyA=
github.com/Ignaciocl/tp1SisdisCommons v0.2.11 h1:6w4Q02b37Mt1oVC0wAiu1oJc32lTMI45nLkhUyz+X5E=
github.com/Ignaciocl/tp1SisdisCommons v0.2.11/go.mod h1:xt+rPp8Xzf2DxXfMA4n8IUf28ACj8ceSdXheBtQTMyA=
github.com/Ignaciocl/tp1SisdisCommons v0.2.12 h1:QIFT/lhmAcCDzqyI/UmRoGH73tukKQiDCbUBC7CHNJU=
github.com/Ignaciocl/tp1SisdisCommons v0.2.12/go.mod h1:xt+rPp8Xzf2DxXfMA4n8IUf28ACj8ceSdXheBtQTMyA=
github.com/Ignaciocl/tp1SisdisCommons v0.2.13 h1:Z3ZCMI7eyHW7coSlze/7me2w3H2k1UTuSKIA+gNncyk=
github.com/Ignaciocl/tp1SisdisCommons v0.2.13/go.mod h1:xt+rPp8Xzf2DxXfMA4n8IUf28ACj8ceSdXheBtQTMyA=
github.com/Ignaciocl/tp1SisdisCommons v0.2.14 h1:TStXoK8Mkm8pZIj0qW9527IUQUUv0T/WyDAiGlWY1Gs=
github.com/Ignaciocl/tp1SisdisCommons v0.2.14/go.mod h1:xt+rPp8Xzf2DxXfMA4n8IUf28ACj8ceSdXheBtQTMyA=
github.com/Ignaciocl/tp1SisdisCommons v0.2.15 h1:ygOOjl+6fhtjm2a1B2vbkNpyP35gQ4a2lmFrGOwHZWU=
github.com/Ignaciocl/tp1SisdisCommons v0.2.15/go.mod h1:xt+rPp8Xzf2DxXfMA4n8IUf28ACj8ceSdXheBtQTMyA=
github.com/Ignaciocl/tp1SisdisCommons v0.2.16 h1:JSmvnTKzcFHRreykuTyYXSh+HY9pIt+/PSmPNV9SOiQ=
github.com/Ignaciocl/tp1SisdisCommons v0.2.16/go.mod h1:xt+rPp8Xzf2DxXfMA4n8IUf28ACj8ceSdXheBtQTMyA=
github.com/Ignaciocl/tp1SisdisCommons v0.2.17 h1:m6qqXRjOGiOA/aynlF5pgliY2JBOmbN9huOQj+lwwic=
github.com/Ignaciocl/tp1SisdisCommons v0.2.17/go.mod h1:xt+rPp8Xzf2DxXfMA4n8IUf28ACj8ceSdXheBtQTMyA=
github.com/Ignaciocl/tp1SisdisCommons v0.2.18 h1:2JqWOdPBfjVtQ4wlD37GfFM9KKRx/jKDBOxUz3R5CyQ=
github.com/Ignaciocl/tp1SisdisCommons v0.2.18/go.mod h1:xt+rPp8Xzf2DxXfMA4n8IUf28ACj8ceSdXheBtQTMyA=
github.com/Ignaciocl/tp1SisdisCommons v0.2.19 h1:7NeuiIYRYUlAm+rRKnfTqlYZmilFaNfA4c88V5Waink=
github.com/Ignaciocl/tp1SisdisCommons v0.2.19/go.mod h1:xt+rPp8Xzf2DxXfMA4n8IUf28ACj8ceSdXheBtQTMyA=
github.com/Ignaciocl/tp1SisdisCommons v0.2.20 h1:b4yh1Xc+PnHTsS7/Msv0VQTvHjF5ckq6NDl4E74GOSo=
github.com/Ignaciocl/tp1SisdisCommons v0.2.20/go.mod h1:xt+rPp8Xzf2DxXfMA4n8IUf28ACj8ceSdXheBtQTMyA=
github.com/Ignaciocl/tp1SisdisCommons v0.2.21 h1:nIdN4qXULp8M/+M0GxDvZV0htlS8WRl0pG0ihRoH4JU=
github.com/Ignaciocl/tp1SisdisCommons v0.2.21/go.mod h1:xt+rPp8Xzf2DxXfMA4n8IUf28ACj8ceSdXheBtQTMyA=
github.com/Ignaciocl/tp1SisdisCommons v0.3.1 h1:8SLiberdwc38cJbzq9wwR+C7yhnqUY6X9/LN6xjLGdE=
github.com/Ignaciocl/tp1SisdisCommons v0.3.1/go.mod h1:xt+rPp8Xzf2DxXfMA4n8IUf28ACj8ceSdXheBtQTMyA=
github.com/Ignaciocl/tp1SisdisCommons v0.3.2 h1:AqGU5hxAh/PLQzg6A1bjxV8sdYFeeYWb66QZwOQj98s=
github.com/Ignaciocl/tp1SisdisCommons v0.3.2/go.mod h1:xt+rPp8Xzf2DxXfMA4n8IUf28ACj8ceSdXheBtQTMyA=
github.com/Ignaciocl/tp1SisdisCommons v0.3.3 h1:yukYEk+D3+yTi5PTEv7wkpMrEDfPAgcSbq0G/m7YVY0=
github.com/Ignaciocl/tp1SisdisCommons v0.3.3/go.mod h1:xt+rPp8Xzf2DxXfMA4n8IUf28ACj8ceSdXheBtQTMyA=
github.com/Ignaciocl/tp1SisdisCommons v0.3.4 h1:YmySd7IHioXfOXghLLIvTHSsyriL/agrEJnkmMUXzaw=
github.com/Ignaciocl/tp1SisdisCommons v0.3.4/go.mod h1:xt+rPp8Xzf2DxXfMA4n8IUf28ACj8ceSdXheBtQTMyA=
github.com/Ignaciocl/tp1SisdisCommons v0.3.5 h1:Rl6nW6pSVeOhUdn6zUuC4vK4+YDJrfyommFZ1mo3TpQ=
github.com/Ignaciocl/tp1SisdisCommons v0.3.5/go.mod h1:xt+rPp8Xzf2DxXfMA4n8IUf28ACj8ceSdXheBtQTMyA=
github.com/Ignaciocl/tp1SisdisCommons v0.3.6 h1:gi5rL8cxA7SuNif8OAoCR6VTdWx5IqAlNq/nV04F1b4=
github.com/Ignaciocl/tp1SisdisCommons v0.3.6/go.mod h1:xt+rPp8Xzf2DxXfMA4n8IUf28ACj8ceSdXheBtQTMyA=
github.com/Ignaciocl/tp1SisdisCommons v0.3.7 h1:dMdW5JKWnZHnG2FqnOcFCCp+9d5FEyKOaWmU4PQJVL8=
github.com/Ignaciocl/tp1SisdisCommons v0.3.7/go.mod h1:xt+rPp8Xzf2DxXfMA4n8IUf28ACj8ceSdXheBtQTMyA=
github.com/Ignaciocl/tp1SisdisCommons v0.3.8 h1:DEgH1HD77wG7A7XWqtPpPY4bNW44nHC41290JZgK9g0=
github.com/Ignaciocl/tp1SisdisCommons v0.3.8/go.mod h1:xt+rPp8Xzf2DxXfMA4n8IUf28ACj8ceSdXheBtQTMyA=
github.com/Ignaciocl/tp1SisdisCommons v0.3.9 h1:5pZRR662QP5XqTbDKhV7egP564JnOuHLa70XKBrO3Cg=
github.com/Ignaciocl/tp1SisdisCommons v0.3.9/go.mod h1:xt+rPp8Xzf2DxXfMA4n8IUf28ACj8ceSdXheBtQTMyA=
github.com/Ignaciocl/tp1SisdisCommons v0.3.10 h1:P4bjTkoXux+bPEPFr6e70MXEIzJ2kvWIB9I+4mcBAGk=
github.com/Ignaciocl/tp1SisdisCommons v0.3.10/go.mod h1:xt+rPp8Xzf2DxXfMA4n8IUf28ACj8ceSdXheBtQTMyA=
github.com/Ignaciocl/tp1SisdisCommons v0.3.11 h1:KvqmkQAU6fAW24nyefRN0if62VkNouMSN7GMSBjeziI=
github.com/Ignaciocl/tp1SisdisCommons v0.3.11/go.mod h1:xt+rPp8Xzf2DxXfMA4n8IUf28ACj8ceSdXheBtQTMyA=
github.com/Ignaciocl/tp1SisdisCommons v0.3.12 h1:s20Kes2nsGSDYvC0NygnAoWLB2xgRyQDePpLRQ4zf0c=
github.com/Ignaciocl/tp1SisdisCommons v0.3.12/go.mod h1:xt+rPp8Xzf2DxXfMA4n8IUf28ACj8ceSdXheBtQTMyA=
github.com/Ignaciocl/tp1SisdisCommons v0.3.13 h1:p+SpKBEcnonQq+tueAkjsMo4wjX/BCe2Hn9XBa8MhRY=
github.com/Ignaciocl/tp1SisdisCommons v0.3.13/go.mod h1:xt+rPp8Xzf2DxXfMA4n8IUf28ACj8ceSdXheBtQTMyA=
github.com/Ignaciocl/tp1SisdisCommons v0.3.14 h1:8rKokP2d6CSWRj4rFMtmWFE72KXl79GDcWgVMLzDtZw=
github.com/Ignaciocl/tp1SisdisCommons v0.3.14/go.mod h1:CXI2LfiMoCFYA8LgpX2rWEJx+7xY9bWyH2cXVLONplE=
github.com/Ignaciocl/tp1SisdisCommons v0.3.16 h1:MMqBhubJPuUsy0CZjt3s4z/l8PCymvO/T8cyblo4Q9U=
github.com/Ignaciocl/tp1SisdisCommons v0.3.16/go.mod h1:CXI2LfiMoCFYA8LgpX2rWEJx+7xY9bWyH2cXVLONplE=
github.com/Ignaciocl/tp1SisdisCommons v0.4.1 h1:R3EVyFiVEkafTG6bi8UMmsfZmtFSq6rxSlJmIXozrug=
github.com/Ignaciocl/tp1SisdisCommons v0.4.1/go.mod h1:CXI2LfiMoCFYA8LgpX2rWEJx+7xY9bWyH2cXVLONplE=
github.com/Ignaciocl/tp1SisdisCommons v0.4.2 h1:5Ot8EPuzL+rbacONMUfI7Tgq5hMYvhL9jsFJ62xVCN8=
github.com/Ignaciocl/tp1SisdisCommons v0.4.2/go.mod h1:CXI2LfiMoCFYA8LgpX2rWEJx+7xY9bWyH2cXVLONplE=
github.com/Ignaciocl/tp1SisdisCommons v0.4.3 h1:KIaYIBzxF0ZvZeZOKc8+zfGCXUdnrlatpJ/JnQrJgOw=
github.com/Ignaciocl/tp1SisdisCommons v0.4.3/go.mod h1:CXI2LfiMoCFYA8LgpX2rWEJx+7xY9bWyH2cXVLONplE=
github.com/Ignaciocl/tp1SisdisCommons v0.4.4 h1:dtr7XEdL7pam9w8mUUuc/EgCsjI4G1HWBk1rMdySizQ=
github.com/Ignaciocl/tp1SisdisCommons v0.4.4/go.mod h1:CXI2LfiMoCFYA8LgpX2rWEJx+7xY9bWyH2cXVLONplE=
github.com/Ignaciocl/tp1SisdisCommons v0.4.5 h1:OX+bPeKS+KP0ZPe0GTqMZb+T57MCaxcWu8jqTlBETi0=
github.com/Ignaciocl/tp1SisdisCommons v0.4.5/go.mod h1:CXI2LfiMoCFYA8LgpX2rWEJx+7xY9bWyH2cXVLONplE=
github.com/Ignaciocl/tp1SisdisCommons v0.4.6 h1:95xUk9QGydKg/H1tAoaNzVFyG2DYRe66h6EGZJ0Av4g=
github.com/Ignaciocl/tp1SisdisCommons v0.4.6/go.mod h1:CXI2LfiMoCFYA8LgpX2rWEJx+7xY9bWyH2cXVLONplE=
github.com/Ignaciocl/tp1SisdisCommons v0.4.7 h1:Spe3+cn90PSSJoA0nF3187xCrovgpQk998JUS4Exe84=
github.com/Ignaciocl/tp1SisdisCommons v0.4.7/go.mod h1:CXI2LfiMoCFYA8LgpX2rWEJx+7xY9bWyH2cXVLONplE=
github.com/Ignaciocl/tp1SisdisCommons v0.4.8 h1:E2D0dh0C3vxOvSjC1eu7/uU5vJQZvMebA5BZSGYu6iQ=
github.com/Ignaciocl/tp1SisdisCommons v0.4.8/go.mod h1:CXI2LfiMoCFYA8LgpX2rWEJx+7xY9bWyH2cXVLONplE=
github.com/Ignaciocl/tp1SisdisCommons v0.5.0 h1:CrtIJ+HdB0r7BmXm2rGtQjtbAIlPcHMa4Ax7ziKSjpw=
github.com/Ignaciocl/tp1SisdisCommons v0.5.0/go.mod h1:CXI2LfiMoCFYA8LgpX2rWEJx+7xY9bWyH2cXVLONplE=
github.com/Ignaciocl/tp1SisdisCommons v0.5.1 h1:cug5lizOnDH09dhWuf7lFCtRxQU0tgknUrE5zGlTxCw=
github.com/Ignaciocl/tp1SisdisCommons v0.5.1/go.mod h1:CXI2LfiMoCFYA8LgpX2rWEJx+7xY9bWyH2cXVLONplE=
github.com/Ignaciocl/tp1SisdisCommons v0.5.2 h1:h7jdEufq6YOefl9Q2o6t67qLMqo9E4iB86vbgIkppT8=
github.com/Ignaciocl/tp1SisdisCommons v0.5.2/go.mod h1:CXI2LfiMoCFYA8LgpX2rWEJx+7xY9bWyH2cXVLONplE=
github.com/Ignaciocl/tp1SisdisCommons v0.5.3 h1:GWHY2MbQSJbp/TEMBQKZDNFe5zCweXR6ybxzlqVOv5s=
github.com/Ignaciocl/tp1SisdisCommons v0.5.3/go.mod h1:CXI2LfiMoCFYA8LgpX2rWEJx+7xY9bWyH2cXVLONplE=
github.com/Ignaciocl/tp1SisdisCommons v0.5.8 h1:/lx6eWc9TmCmIdz2++e0CtHp9B/RvbCnDi5RQ9sIdDo=
github.com/Ignaciocl/tp1SisdisCommons v0.5.8/go.mod h1:CXI2LfiMoCFYA8LgpX2rWEJx+7xY9bWyH2cXVLONplE=
github.com/Ignaciocl/tp1SisdisCommons v0.5.11 h1:YYoiDx2uzoKBCClqDesnP4xW8goZmeIld8mJtsY2UFQ=
github.com/Ignaciocl/tp1SisdisCommons v0.5.11/go.mod h1:CXI2LfiMoCFYA8LgpX2rWEJx+7xY9bWyH2cXVLONplE=
github.com/Ignaciocl/tp1SisdisCommons v0.5.12 h1:LPgWp+SkigRYzc3I1NbksLs4wfNl+ZPTyUs1CvNgZVw=
github.com/Ignaciocl/tp1SisdisCommons v0.5.12/go.mod h1:CXI2LfiMoCFYA8LgpX2rWEJx+7xY9bWyH2cXVLONplE=
github.com/Ignaciocl/tp1SisdisCommons v0.5.13 h1:xM8RUwxvKElSGT+24vGyDEdr79PNXiV3k7XOP+fedMU=
github.com/Ignaciocl/tp1SisdisCommons v0.5.13/go.mod h1:CXI2LfiMoCFYA8LgpX2rWEJx+7xY9bWyH2cXVLONplE=
github.com/Ignaciocl/tp1SisdisCommons v0.5.14 h1:kaTLjPKcyCJa8qEL0KhoRd3qrLl/s9bDYXr86uXwkOE=
github.com/Ignaciocl/tp1SisdisCommons v0.5.14/go.mod h1:CXI2LfiMoCFYA8LgpX2rWEJx+7xY9bWyH2cXVLONplE=
github.com/Ignaciocl/tp1SisdisCommons v0.5.16 h1:xtVjwPt4HifGx8z6CYONrH2SEigGvxoY1w5IMk801gI=
github.com/Ignaciocl/tp1SisdisCommons v0.5.16/go.mod h1:CXI2LfiMoCFYA8LgpX2rWEJx+7xY9bWyH2cXVLONplE=
github.com/Ignaciocl/tp1SisdisCommons v0.5.17 h1:ohIBXkUCohLTxmW9LmIkmJRch03hFYijdUmv0AwYlGc=
github.com/Ignaciocl/tp1SisdisCommons v0.5.17/go.mod h1:CXI2LfiMoCFYA8LgpX2rWEJx+7xY9bWyH2cXVLONplE=
github.com/Ignaciocl/tp1SisdisCommons v0.5.18 h1:4252MerNb58EeU4y2HNcivI6srpLJzS/jOgl9EE9pVU=
github.com/Ignaciocl/tp1SisdisCommons v0.5.18/go.mod h1:CXI2LfiMoCFYA8LgpX2rWEJx+7xY9bWyH2cXVLONplE=
github.com/Ignaciocl/tp1SisdisCommons v0.6.6 h1:+DYchrgm5MEf6XjQFJxs8aDxUXTXMnxo79kaQL1BCvc=
github.com/Ignaciocl/tp1SisdisCommons v0.6.6/go.mod h1:CXI2LfiMoCFYA8LgpX2rWEJx+7xY9bWyH2cXVLONplE=
github.com/Ignaciocl/tp1SisdisCommons v0.6.8 h1:NT1ZfxsBTuYFUeyp09gS8cDyQyHQbp0MoIXcZ4QBqFc=
github.com/Ignaciocl/tp1SisdisCommons v0.6.8/go.mod h1:CXI2LfiMoCFYA8LgpX2rWEJx+7xY9bWyH2cXVLONplE=
github.com/Ignaciocl/tp1SisdisCommons v0.6.11 h1:eISdMb3rkYD9/1l/X3F46Ygm7Vf2GDNoWVUhJ8KQz5o=
github.com/Ignaciocl/tp1SisdisCommons v0.6.11/go.mod h1:CXI2LfiMoCFYA8LgpX2rWEJx+7xY9bWyH2cXVLONplE=
github.com/Ignaciocl/tp1SisdisCommons v0.6.12 h1:stcKt1phUFMLCUxJ1f/PBg6Z332+KClG4HCoCxuVNIc=
github.com/Ignaciocl/tp1SisdisCommons v0.6.12/go.mod h1:CXI2LfiMoCFYA8LgpX2rWEJx+7xY9bWyH2cXVLONplE=
github.com/davecgh/go-spew v1.1.0/go.mod h1:J7Y8YcW2NihsgmVo/mv3lAwl/skON4iLHjSsI+c5H38=
github.com/davecgh/go-spew v1.1.1/go.mod h1:J7Y8YcW2NihsgmVo/mv3lAwl/skON4iLHjSsI+c5H38=
github.com/kr/pretty v0.1.0/go.mod h1:dAy3ld7l9f0ibDNOQOHHMYYIIbhfbHSm3C4ZsoJORNo=
github.com/kr/pty v1.1.1/go.mod h1:pFQYn66WHrOpPYNljwOMqo10TkYh1fy3cYio2l3bCsQ=
github.com/kr/text v0.1.0/go.mod h1:4Jbv+DJW3UT/LiOwJeYQe1efqtUx/iVham/4vfdArNI=
github.com/pmezard/go-difflib v1.0.0/go.mod h1:iKH77koFhYxTK1pcRnkKkqfTogsbg7gZNVY4sRDYZ/4=
github.com/rabbitmq/amqp091-go v1.8.0 h1:GBFy5PpLQ5jSVVSYv8ecHGqeX7UTLYR4ItQbDCss9MM=
github.com/rabbitmq/amqp091-go v1.8.0/go.mod h1:+jPrT9iY2eLjRaMSRHUhc3z14E/l85kv/f+6luSD3pc=
github.com/rabbitmq/amqp091-go v1.8.1 h1:RejT1SBUim5doqcL6s7iN6SBmsQqyTgXb1xMlH0h1hA=
github.com/rabbitmq/amqp091-go v1.8.1/go.mod h1:+jPrT9iY2eLjRaMSRHUhc3z14E/l85kv/f+6luSD3pc=
github.com/sirupsen/logrus v1.9.0 h1:trlNQbNUG3OdDrDil03MCb1H2o9nJ1x4/5LYw7byDE0=
github.com/sirupsen/logrus v1.9.0/go.mod h1:naHLuLoDiP4jHNo9R0sCBMtWGeIprob74mVsIT4qYEQ=
github.com/sirupsen/logrus v1.9.2 h1:oxx1eChJGI6Uks2ZC4W1zpLlVgqB8ner4EuQwV4Ik1Y=
github.com/sirupsen/logrus v1.9.2/go.mod h1:naHLuLoDiP4jHNo9R0sCBMtWGeIprob74mVsIT4qYEQ=
github.com/sirupsen/logrus v1.9.3 h1:dueUQJ1C2q9oE3F7wvmSGAaVtTmUizReu6fjN8uqzbQ=
github.com/sirupsen/logrus v1.9.3/go.mod h1:naHLuLoDiP4jHNo9R0sCBMtWGeIprob74mVsIT4qYEQ=
github.com/stretchr/objx v0.1.0/go.mod h1:HFkY916IF+rwdDfMAkV7OtwuqBVzrE8GR6GFx+wExME=
github.com/stretchr/objx v0.4.0/go.mod h1:YvHI0jy2hoMjB+UWwv71VJQ9isScKT/TqJzVSSt89Yw=
github.com/stretchr/testify v1.7.0/go.mod h1:6Fq8oRcR53rry900zMqJjRRixrwX3KX962/h/Wwjteg=
github.com/stretchr/testify v1.7.1/go.mod h1:6Fq8oRcR53rry900zMqJjRRixrwX3KX962/h/Wwjteg=
github.com/stretchr/testify v1.8.0/go.mod h1:yNjHg4UonilssWZ8iaSj1OCr/vHnekPRkoO+kdMU+MU=
go.uber.org/goleak v1.2.1 h1:NBol2c7O1ZokfZ0LEU9K6Whx/KnwvepVetCUhtKja4A=
go.uber.org/goleak v1.2.1/go.mod h1:qlT2yGI9QafXHhZZLxlSuNsMw3FFLxBr+tBRlmO1xH4=
golang.org/x/sys v0.0.0-20220715151400-c0bba94af5f8/go.mod h1:oPkhp1MJrh7nUepCBck5+mAzfO9JrbApNNgaTdGDITg=
golang.org/x/sys v0.8.0 h1:EBmGv8NaZBZTWvrbjNoL6HVt+IVy3QDQpJs7VRIw3tU=
golang.org/x/sys v0.8.0/go.mod h1:oPkhp1MJrh7nUepCBck5+mAzfO9JrbApNNgaTdGDITg=
golang.org/x/sys v0.9.0 h1:KS/R3tvhPqvJvwcKfnBHJwwthS11LRhmM5D59eEXa0s=
golang.org/x/sys v0.9.0/go.mod h1:oPkhp1MJrh7nUepCBck5+mAzfO9JrbApNNgaTdGDITg=
gopkg.in/check.v1 v0.0.0-20161208181325-20d25e280405/go.mod h1:Co6ibVJAznAaIkqp8huTwlJQCZ016jof/cbN4VW5Yz0=
gopkg.in/check.v1 v1.0.0-20180628173108-788fd7840127/go.mod h1:Co6ibVJAznAaIkqp8huTwlJQCZ016jof/cbN4VW5Yz0=
gopkg.in/yaml.v3 v3.0.0-20200313102051-9f266ea9e77c/go.mod h1:K4uyk7z7BCEPqu6E+C64Yfv1cQ7kz7rIZviUmN+EgEM=
gopkg.in/yaml.v3 v3.0.1/go.mod h1:K4uyk7z7BCEPqu6E+C64Yfv1cQ7kz7rIZviUmN+EgEM=
